
Microsoft Visual Studio Solution File, Format Version 12.00
Project("{FAE04EC0-301F-11D3-BF4B-00C04F79EFBC}") = "SocialCards", "SocialCards.csproj", "{D6B3343E-2FB6-4A99-9F6A-3B82862D37B9}"
EndProject
Global
	GlobalSection(SolutionConfigurationPlatforms) = preSolution
		Debug|Any CPU = Debug|Any CPU
		Release|Any CPU = Release|Any CPU
	EndGlobalSection
	GlobalSection(ProjectConfigurationPlatforms) = postSolution
		{D6B3343E-2FB6-4A99-9F6A-3B82862D37B9}.Debug|Any CPU.ActiveCfg = Debug|Any CPU
		{D6B3343E-2FB6-4A99-9F6A-3B82862D37B9}.Debug|Any CPU.Build.0 = Debug|Any CPU
		{D6B3343E-2FB6-4A99-9F6A-3B82862D37B9}.Release|Any CPU.ActiveCfg = Release|Any CPU
		{D6B3343E-2FB6-4A99-9F6A-3B82862D37B9}.Release|Any CPU.Build.0 = Release|Any CPU
	EndGlobalSection
EndGlobal
